
Microsoft Visual Studio Solution File, Format Version 12.00
# Visual Studio Version 16
VisualStudioVersion = 16.0.31205.134
MinimumVisualStudioVersion = 10.0.40219.1
Project("{888888A0-9F3D-457C-B088-3A5042F75D52}") = "Ders12", "Ders12\Ders12.pyproj", "{F1C5FD55-BD02-4C69-A941-6A29F5410FE4}"
EndProject
Global
	GlobalSection(SolutionConfigurationPlatforms) = preSolution
		Debug|Any CPU = Debug|Any CPU
		Release|Any CPU = Release|Any CPU
	EndGlobalSection
	GlobalSection(ProjectConfigurationPlatforms) = postSolution
		{F1C5FD55-BD02-4C69-A941-6A29F5410FE4}.Debug|Any CPU.ActiveCfg = Debug|Any CPU
		{F1C5FD55-BD02-4C69-A941-6A29F5410FE4}.Release|Any CPU.ActiveCfg = Release|Any CPU
	EndGlobalSection
	GlobalSection(SolutionProperties) = preSolution
		HideSolutionNode = FALSE
	EndGlobalSection
	GlobalSection(ExtensibilityGlobals) = postSolution
		SolutionGuid = {FB834216-A3B9-4535-A51C-A89764FE99AD}
	EndGlobalSection
EndGlobal
