
Microsoft Visual Studio Solution File, Format Version 12.00
# Visual Studio Version 16
VisualStudioVersion = 16.0.30907.101
MinimumVisualStudioVersion = 10.0.40219.1
Project("{888888A0-9F3D-457C-B088-3A5042F75D52}") = "Ders3", "Ders3\Ders3.pyproj", "{153BE189-895A-41E5-A5D0-53F1761A36DB}"
EndProject
Global
	GlobalSection(SolutionConfigurationPlatforms) = preSolution
		Debug|Any CPU = Debug|Any CPU
		Release|Any CPU = Release|Any CPU
	EndGlobalSection
	GlobalSection(ProjectConfigurationPlatforms) = postSolution
		{153BE189-895A-41E5-A5D0-53F1761A36DB}.Debug|Any CPU.ActiveCfg = Debug|Any CPU
		{153BE189-895A-41E5-A5D0-53F1761A36DB}.Release|Any CPU.ActiveCfg = Release|Any CPU
	EndGlobalSection
	GlobalSection(SolutionProperties) = preSolution
		HideSolutionNode = FALSE
	EndGlobalSection
	GlobalSection(ExtensibilityGlobals) = postSolution
		SolutionGuid = {860FF1EA-8C6C-4A04-9760-3CAEBF552AA2}
	EndGlobalSection
EndGlobal
