
Microsoft Visual Studio Solution File, Format Version 12.00
# Visual Studio Version 16
VisualStudioVersion = 16.0.31205.134
MinimumVisualStudioVersion = 10.0.40219.1
Project("{888888A0-9F3D-457C-B088-3A5042F75D52}") = "Ders9", "Ders9\Ders9.pyproj", "{10CC4742-819E-4630-83B4-2F1EA4B58E6D}"
EndProject
Global
	GlobalSection(SolutionConfigurationPlatforms) = preSolution
		Debug|Any CPU = Debug|Any CPU
		Release|Any CPU = Release|Any CPU
	EndGlobalSection
	GlobalSection(ProjectConfigurationPlatforms) = postSolution
		{10CC4742-819E-4630-83B4-2F1EA4B58E6D}.Debug|Any CPU.ActiveCfg = Debug|Any CPU
		{10CC4742-819E-4630-83B4-2F1EA4B58E6D}.Release|Any CPU.ActiveCfg = Release|Any CPU
	EndGlobalSection
	GlobalSection(SolutionProperties) = preSolution
		HideSolutionNode = FALSE
	EndGlobalSection
	GlobalSection(ExtensibilityGlobals) = postSolution
		SolutionGuid = {33F99555-92E7-4D33-B69E-A6E48C295179}
	EndGlobalSection
EndGlobal
