
Microsoft Visual Studio Solution File, Format Version 12.00
# Visual Studio Version 16
VisualStudioVersion = 16.0.30907.101
MinimumVisualStudioVersion = 10.0.40219.1
Project("{888888A0-9F3D-457C-B088-3A5042F75D52}") = "Ders2", "Ders2\Ders2.pyproj", "{3D6A97B0-1783-46EB-A167-A0F5D143126B}"
EndProject
Global
	GlobalSection(SolutionConfigurationPlatforms) = preSolution
		Debug|Any CPU = Debug|Any CPU
		Release|Any CPU = Release|Any CPU
	EndGlobalSection
	GlobalSection(ProjectConfigurationPlatforms) = postSolution
		{3D6A97B0-1783-46EB-A167-A0F5D143126B}.Debug|Any CPU.ActiveCfg = Debug|Any CPU
		{3D6A97B0-1783-46EB-A167-A0F5D143126B}.Release|Any CPU.ActiveCfg = Release|Any CPU
	EndGlobalSection
	GlobalSection(SolutionProperties) = preSolution
		HideSolutionNode = FALSE
	EndGlobalSection
	GlobalSection(ExtensibilityGlobals) = postSolution
		SolutionGuid = {1E605847-15C5-4CB3-AC85-B67663082F1E}
	EndGlobalSection
EndGlobal
